// !$*UTF8*$!
{
	archiveVersion = 1;
	classes = {
	};
	objectVersion = 51;
	objects = {

/* Begin PBXBuildFile section */
		24072B6D270A817B005DC804 /* PostViewController.swift in Sources */ = {isa = PBXBuildFile; fileRef = 24072B6C270A817B005DC804 /* PostViewController.swift */; };
		24072B6F270A99FD005DC804 /* CommentsViewController.swift in Sources */ = {isa = PBXBuildFile; fileRef = 24072B6E270A99FD005DC804 /* CommentsViewController.swift */; };
		241BA68E25F282A400800900 /* CreatePasswordViewController.swift in Sources */ = {isa = PBXBuildFile; fileRef = 241BA68D25F282A400800900 /* CreatePasswordViewController.swift */; };
		241BA69325F289A500800900 /* AddBirthdayViewController.swift in Sources */ = {isa = PBXBuildFile; fileRef = 241BA69225F289A500800900 /* AddBirthdayViewController.swift */; };
		241BA6EC25F3796200800900 /* AddNameViewController.swift in Sources */ = {isa = PBXBuildFile; fileRef = 241BA6EB25F3796200800900 /* AddNameViewController.swift */; };
		24254F1425F25B2F003A7A88 /* CreateUsernameViewController.swift in Sources */ = {isa = PBXBuildFile; fileRef = 24254F1325F25B2F003A7A88 /* CreateUsernameViewController.swift */; };
		242B110125F3953D008E0AAB /* AddProfilePhotoViewController.swift in Sources */ = {isa = PBXBuildFile; fileRef = 242B110025F3953D008E0AAB /* AddProfilePhotoViewController.swift */; };
		242B110925F3956E008E0AAB /* ProfileViewController.swift in Sources */ = {isa = PBXBuildFile; fileRef = 242B110825F3956E008E0AAB /* ProfileViewController.swift */; };
		242B112F25F5CC5D008E0AAB /* FeedViewController.swift in Sources */ = {isa = PBXBuildFile; fileRef = 242B112E25F5CC5D008E0AAB /* FeedViewController.swift */; };
		242B11F725F65CAB008E0AAB /* TabBarController.swift in Sources */ = {isa = PBXBuildFile; fileRef = 242B11F625F65CAB008E0AAB /* TabBarController.swift */; };
		242B12DF25F85B05008E0AAB /* SharePostViewController.swift in Sources */ = {isa = PBXBuildFile; fileRef = 242B12DE25F85B05008E0AAB /* SharePostViewController.swift */; };
		242B136F25F8EC0B008E0AAB /* PostCell.swift in Sources */ = {isa = PBXBuildFile; fileRef = 242B136E25F8EC0B008E0AAB /* PostCell.swift */; };
		242B13C725F907E5008E0AAB /* Post.swift in Sources */ = {isa = PBXBuildFile; fileRef = 242B13C625F907E5008E0AAB /* Post.swift */; };
		242B147C25F9E475008E0AAB /* UserPostCell.swift in Sources */ = {isa = PBXBuildFile; fileRef = 242B147B25F9E475008E0AAB /* UserPostCell.swift */; };
		242B14B125FA14BE008E0AAB /* Image.swift in Sources */ = {isa = PBXBuildFile; fileRef = 242B14B025FA14BD008E0AAB /* Image.swift */; };
		242B14B626019D22008E0AAB /* EditProfileViewController.swift in Sources */ = {isa = PBXBuildFile; fileRef = 242B14B526019D22008E0AAB /* EditProfileViewController.swift */; };
		242B14BB2601C08F008E0AAB /* CommentCell.swift in Sources */ = {isa = PBXBuildFile; fileRef = 242B14BA2601C08E008E0AAB /* CommentCell.swift */; };
		242B14C02601C13E008E0AAB /* Comment.swift in Sources */ = {isa = PBXBuildFile; fileRef = 242B14BF2601C13E008E0AAB /* Comment.swift */; };
		2460674D25F1BE3200A78B03 /* AppDelegate.swift in Sources */ = {isa = PBXBuildFile; fileRef = 2460674C25F1BE3200A78B03 /* AppDelegate.swift */; };
		2460674F25F1BE3200A78B03 /* SceneDelegate.swift in Sources */ = {isa = PBXBuildFile; fileRef = 2460674E25F1BE3200A78B03 /* SceneDelegate.swift */; };
		2460675425F1BE3200A78B03 /* Main.storyboard in Resources */ = {isa = PBXBuildFile; fileRef = 2460675225F1BE3200A78B03 /* Main.storyboard */; };
		2460675625F1BE3300A78B03 /* Assets.xcassets in Resources */ = {isa = PBXBuildFile; fileRef = 2460675525F1BE3300A78B03 /* Assets.xcassets */; };
		2460675925F1BE3300A78B03 /* LaunchScreen.storyboard in Resources */ = {isa = PBXBuildFile; fileRef = 2460675725F1BE3300A78B03 /* LaunchScreen.storyboard */; };
		2460676425F1BE3400A78B03 /* ParstagramTests.swift in Sources */ = {isa = PBXBuildFile; fileRef = 2460676325F1BE3400A78B03 /* ParstagramTests.swift */; };
		2460676F25F1BE3400A78B03 /* ParstagramUITests.swift in Sources */ = {isa = PBXBuildFile; fileRef = 2460676E25F1BE3400A78B03 /* ParstagramUITests.swift */; };
		246067EC25F1E06E00A78B03 /* LoginViewController.swift in Sources */ = {isa = PBXBuildFile; fileRef = 246067EB25F1E06E00A78B03 /* LoginViewController.swift */; };
		246067F125F1E0B900A78B03 /* EnterEmailViewController.swift in Sources */ = {isa = PBXBuildFile; fileRef = 246067F025F1E0B900A78B03 /* EnterEmailViewController.swift */; };
		54612FC6BCA968D1F82ED102 /* Pods_Parstagram.framework in Frameworks */ = {isa = PBXBuildFile; fileRef = 85B3DD5BC27CF36A81CDEE50 /* Pods_Parstagram.framework */; };
		704FDCB3002EB7E7FAA0646B /* Pods_ParstagramTests.framework in Frameworks */ = {isa = PBXBuildFile; fileRef = 0A4649C081A1A64A861415E4 /* Pods_ParstagramTests.framework */; };
		EBCA1FF622A42D802F65A5B8 /* Pods_ParstagramUITests.framework in Frameworks */ = {isa = PBXBuildFile; fileRef = CBB2421E2D8F45051E8C35AE /* Pods_ParstagramUITests.framework */; };
/* End PBXBuildFile section */

/* Begin PBXContainerItemProxy section */
		2460676025F1BE3400A78B03 /* PBXContainerItemProxy */ = {
			isa = PBXContainerItemProxy;
			containerPortal = 2460674125F1BE3200A78B03 /* Project object */;
			proxyType = 1;
			remoteGlobalIDString = 2460674825F1BE3200A78B03;
			remoteInfo = Parstagram;
		};
		2460676B25F1BE3400A78B03 /* PBXContainerItemProxy */ = {
			isa = PBXContainerItemProxy;
			containerPortal = 2460674125F1BE3200A78B03 /* Project object */;
			proxyType = 1;
			remoteGlobalIDString = 2460674825F1BE3200A78B03;
			remoteInfo = Parstagram;
		};
/* End PBXContainerItemProxy section */

/* Begin PBXFileReference section */
		0A4649C081A1A64A861415E4 /* Pods_ParstagramTests.framework */ = {isa = PBXFileReference; explicitFileType = wrapper.framework; includeInIndex = 0; path = Pods_ParstagramTests.framework; sourceTree = BUILT_PRODUCTS_DIR; };
		12B4DDBA54E1589C3E5B0F98 /* Pods-ParstagramUITests.release.xcconfig */ = {isa = PBXFileReference; includeInIndex = 1; lastKnownFileType = text.xcconfig; name = "Pods-ParstagramUITests.release.xcconfig"; path = "Target Support Files/Pods-ParstagramUITests/Pods-ParstagramUITests.release.xcconfig"; sourceTree = "<group>"; };
		19C19DBFB42AF2DD4EB7EFD4 /* Pods-Parstagram-ParstagramUITests.debug.xcconfig */ = {isa = PBXFileReference; includeInIndex = 1; lastKnownFileType = text.xcconfig; name = "Pods-Parstagram-ParstagramUITests.debug.xcconfig"; path = "Target Support Files/Pods-Parstagram-ParstagramUITests/Pods-Parstagram-ParstagramUITests.debug.xcconfig"; sourceTree = "<group>"; };
		24072B6C270A817B005DC804 /* PostViewController.swift */ = {isa = PBXFileReference; lastKnownFileType = sourcecode.swift; path = PostViewController.swift; sourceTree = "<group>"; };
		24072B6E270A99FD005DC804 /* CommentsViewController.swift */ = {isa = PBXFileReference; lastKnownFileType = sourcecode.swift; path = CommentsViewController.swift; sourceTree = "<group>"; };
		241BA68D25F282A400800900 /* CreatePasswordViewController.swift */ = {isa = PBXFileReference; lastKnownFileType = sourcecode.swift; path = CreatePasswordViewController.swift; sourceTree = "<group>"; };
		241BA69225F289A500800900 /* AddBirthdayViewController.swift */ = {isa = PBXFileReference; lastKnownFileType = sourcecode.swift; path = AddBirthdayViewController.swift; sourceTree = "<group>"; };
		241BA6EB25F3796200800900 /* AddNameViewController.swift */ = {isa = PBXFileReference; lastKnownFileType = sourcecode.swift; path = AddNameViewController.swift; sourceTree = "<group>"; };
		24254F1325F25B2F003A7A88 /* CreateUsernameViewController.swift */ = {isa = PBXFileReference; lastKnownFileType = sourcecode.swift; path = CreateUsernameViewController.swift; sourceTree = "<group>"; };
		242B110025F3953D008E0AAB /* AddProfilePhotoViewController.swift */ = {isa = PBXFileReference; lastKnownFileType = sourcecode.swift; path = AddProfilePhotoViewController.swift; sourceTree = "<group>"; };
		242B110825F3956E008E0AAB /* ProfileViewController.swift */ = {isa = PBXFileReference; lastKnownFileType = sourcecode.swift; path = ProfileViewController.swift; sourceTree = "<group>"; };
		242B112E25F5CC5D008E0AAB /* FeedViewController.swift */ = {isa = PBXFileReference; lastKnownFileType = sourcecode.swift; path = FeedViewController.swift; sourceTree = "<group>"; };
		242B11F625F65CAB008E0AAB /* TabBarController.swift */ = {isa = PBXFileReference; lastKnownFileType = sourcecode.swift; path = TabBarController.swift; sourceTree = "<group>"; };
		242B12DE25F85B05008E0AAB /* SharePostViewController.swift */ = {isa = PBXFileReference; lastKnownFileType = sourcecode.swift; path = SharePostViewController.swift; sourceTree = "<group>"; };
		242B136E25F8EC0B008E0AAB /* PostCell.swift */ = {isa = PBXFileReference; lastKnownFileType = sourcecode.swift; path = PostCell.swift; sourceTree = "<group>"; };
		242B13C625F907E5008E0AAB /* Post.swift */ = {isa = PBXFileReference; lastKnownFileType = sourcecode.swift; path = Post.swift; sourceTree = "<group>"; };
		242B147B25F9E475008E0AAB /* UserPostCell.swift */ = {isa = PBXFileReference; lastKnownFileType = sourcecode.swift; path = UserPostCell.swift; sourceTree = "<group>"; };
		242B14B025FA14BD008E0AAB /* Image.swift */ = {isa = PBXFileReference; lastKnownFileType = sourcecode.swift; path = Image.swift; sourceTree = "<group>"; };
		242B14B526019D22008E0AAB /* EditProfileViewController.swift */ = {isa = PBXFileReference; lastKnownFileType = sourcecode.swift; path = EditProfileViewController.swift; sourceTree = "<group>"; };
		242B14BA2601C08E008E0AAB /* CommentCell.swift */ = {isa = PBXFileReference; lastKnownFileType = sourcecode.swift; path = CommentCell.swift; sourceTree = "<group>"; };
		242B14BF2601C13E008E0AAB /* Comment.swift */ = {isa = PBXFileReference; lastKnownFileType = sourcecode.swift; path = Comment.swift; sourceTree = "<group>"; };
		2460674925F1BE3200A78B03 /* Parstagram.app */ = {isa = PBXFileReference; explicitFileType = wrapper.application; includeInIndex = 0; path = Parstagram.app; sourceTree = BUILT_PRODUCTS_DIR; };
		2460674C25F1BE3200A78B03 /* AppDelegate.swift */ = {isa = PBXFileReference; lastKnownFileType = sourcecode.swift; path = AppDelegate.swift; sourceTree = "<group>"; };
		2460674E25F1BE3200A78B03 /* SceneDelegate.swift */ = {isa = PBXFileReference; lastKnownFileType = sourcecode.swift; path = SceneDelegate.swift; sourceTree = "<group>"; };
		2460675325F1BE3200A78B03 /* Base */ = {isa = PBXFileReference; lastKnownFileType = file.storyboard; name = Base; path = Base.lproj/Main.storyboard; sourceTree = "<group>"; };
		2460675525F1BE3300A78B03 /* Assets.xcassets */ = {isa = PBXFileReference; lastKnownFileType = folder.assetcatalog; path = Assets.xcassets; sourceTree = "<group>"; };
		2460675825F1BE3300A78B03 /* Base */ = {isa = PBXFileReference; lastKnownFileType = file.storyboard; name = Base; path = Base.lproj/LaunchScreen.storyboard; sourceTree = "<group>"; };
		2460675A25F1BE3400A78B03 /* Info.plist */ = {isa = PBXFileReference; lastKnownFileType = text.plist.xml; path = Info.plist; sourceTree = "<group>"; };
		2460675F25F1BE3400A78B03 /* ParstagramTests.xctest */ = {isa = PBXFileReference; explicitFileType = wrapper.cfbundle; includeInIndex = 0; path = ParstagramTests.xctest; sourceTree = BUILT_PRODUCTS_DIR; };
		2460676325F1BE3400A78B03 /* ParstagramTests.swift */ = {isa = PBXFileReference; lastKnownFileType = sourcecode.swift; path = ParstagramTests.swift; sourceTree = "<group>"; };
		2460676525F1BE3400A78B03 /* Info.plist */ = {isa = PBXFileReference; lastKnownFileType = text.plist.xml; path = Info.plist; sourceTree = "<group>"; };
		2460676A25F1BE3400A78B03 /* ParstagramUITests.xctest */ = {isa = PBXFileReference; explicitFileType = wrapper.cfbundle; includeInIndex = 0; path = ParstagramUITests.xctest; sourceTree = BUILT_PRODUCTS_DIR; };
		2460676E25F1BE3400A78B03 /* ParstagramUITests.swift */ = {isa = PBXFileReference; lastKnownFileType = sourcecode.swift; path = ParstagramUITests.swift; sourceTree = "<group>"; };
		2460677025F1BE3400A78B03 /* Info.plist */ = {isa = PBXFileReference; lastKnownFileType = text.plist.xml; path = Info.plist; sourceTree = "<group>"; };
		246067EB25F1E06E00A78B03 /* LoginViewController.swift */ = {isa = PBXFileReference; lastKnownFileType = sourcecode.swift; path = LoginViewController.swift; sourceTree = "<group>"; };
		246067F025F1E0B900A78B03 /* EnterEmailViewController.swift */ = {isa = PBXFileReference; lastKnownFileType = sourcecode.swift; path = EnterEmailViewController.swift; sourceTree = "<group>"; };
		3628CA802B4D34DD3ABB0152 /* Pods-ParstagramTests.debug.xcconfig */ = {isa = PBXFileReference; includeInIndex = 1; lastKnownFileType = text.xcconfig; name = "Pods-ParstagramTests.debug.xcconfig"; path = "Target Support Files/Pods-ParstagramTests/Pods-ParstagramTests.debug.xcconfig"; sourceTree = "<group>"; };
		3C1397C7A60FEE5E913A57BF /* Pods-Parstagram-ParstagramUITests.release.xcconfig */ = {isa = PBXFileReference; includeInIndex = 1; lastKnownFileType = text.xcconfig; name = "Pods-Parstagram-ParstagramUITests.release.xcconfig"; path = "Target Support Files/Pods-Parstagram-ParstagramUITests/Pods-Parstagram-ParstagramUITests.release.xcconfig"; sourceTree = "<group>"; };
		41208CA8B16C4092AD78FF7D /* Pods-ParstagramUITests.debug.xcconfig */ = {isa = PBXFileReference; includeInIndex = 1; lastKnownFileType = text.xcconfig; name = "Pods-ParstagramUITests.debug.xcconfig"; path = "Target Support Files/Pods-ParstagramUITests/Pods-ParstagramUITests.debug.xcconfig"; sourceTree = "<group>"; };
		81DEA2A02B09F9C2A9B8C7AF /* Pods-Parstagram.release.xcconfig */ = {isa = PBXFileReference; includeInIndex = 1; lastKnownFileType = text.xcconfig; name = "Pods-Parstagram.release.xcconfig"; path = "Target Support Files/Pods-Parstagram/Pods-Parstagram.release.xcconfig"; sourceTree = "<group>"; };
		85B3DD5BC27CF36A81CDEE50 /* Pods_Parstagram.framework */ = {isa = PBXFileReference; explicitFileType = wrapper.framework; includeInIndex = 0; path = Pods_Parstagram.framework; sourceTree = BUILT_PRODUCTS_DIR; };
		B11AE0EB4B2B12E0D21239AB /* Pods-Parstagram.debug.xcconfig */ = {isa = PBXFileReference; includeInIndex = 1; lastKnownFileType = text.xcconfig; name = "Pods-Parstagram.debug.xcconfig"; path = "Target Support Files/Pods-Parstagram/Pods-Parstagram.debug.xcconfig"; sourceTree = "<group>"; };
		CBB2421E2D8F45051E8C35AE /* Pods_ParstagramUITests.framework */ = {isa = PBXFileReference; explicitFileType = wrapper.framework; includeInIndex = 0; path = Pods_ParstagramUITests.framework; sourceTree = BUILT_PRODUCTS_DIR; };
		E08042BDAB33D1EFDEDBCB46 /* Pods-ParstagramTests.release.xcconfig */ = {isa = PBXFileReference; includeInIndex = 1; lastKnownFileType = text.xcconfig; name = "Pods-ParstagramTests.release.xcconfig"; path = "Target Support Files/Pods-ParstagramTests/Pods-ParstagramTests.release.xcconfig"; sourceTree = "<group>"; };
/* End PBXFileReference section */

/* Begin PBXFrameworksBuildPhase section */
		2460674625F1BE3200A78B03 /* Frameworks */ = {
			isa = PBXFrameworksBuildPhase;
			buildActionMask = 2147483647;
			files = (
				54612FC6BCA968D1F82ED102 /* Pods_Parstagram.framework in Frameworks */,
			);
			runOnlyForDeploymentPostprocessing = 0;
		};
		2460675C25F1BE3400A78B03 /* Frameworks */ = {
			isa = PBXFrameworksBuildPhase;
			buildActionMask = 2147483647;
			files = (
				704FDCB3002EB7E7FAA0646B /* Pods_ParstagramTests.framework in Frameworks */,
			);
			runOnlyForDeploymentPostprocessing = 0;
		};
		2460676725F1BE3400A78B03 /* Frameworks */ = {
			isa = PBXFrameworksBuildPhase;
			buildActionMask = 2147483647;
			files = (
				EBCA1FF622A42D802F65A5B8 /* Pods_ParstagramUITests.framework in Frameworks */,
			);
			runOnlyForDeploymentPostprocessing = 0;
		};
/* End PBXFrameworksBuildPhase section */

/* Begin PBXGroup section */
		241BA6C125F34FC800800900 /* Models */ = {
			isa = PBXGroup;
			children = (
				242B13C625F907E5008E0AAB /* Post.swift */,
				242B14B025FA14BD008E0AAB /* Image.swift */,
				242B14BF2601C13E008E0AAB /* Comment.swift */,
			);
			path = Models;
			sourceTree = "<group>";
		};
		241BA6F025F3797400800900 /* SignUpControllers */ = {
			isa = PBXGroup;
			children = (
				246067F025F1E0B900A78B03 /* EnterEmailViewController.swift */,
				24254F1325F25B2F003A7A88 /* CreateUsernameViewController.swift */,
				241BA68D25F282A400800900 /* CreatePasswordViewController.swift */,
				241BA69225F289A500800900 /* AddBirthdayViewController.swift */,
				241BA6EB25F3796200800900 /* AddNameViewController.swift */,
				242B110025F3953D008E0AAB /* AddProfilePhotoViewController.swift */,
			);
			path = SignUpControllers;
			sourceTree = "<group>";
		};
		2460674025F1BE3200A78B03 = {
			isa = PBXGroup;
			children = (
				2460674B25F1BE3200A78B03 /* Parstagram */,
				2460676225F1BE3400A78B03 /* ParstagramTests */,
				2460676D25F1BE3400A78B03 /* ParstagramUITests */,
				2460674A25F1BE3200A78B03 /* Products */,
				6F3BDF4DDEC996BED85B3F4C /* Pods */,
				300B196508131B28F4D5DB9C /* Frameworks */,
			);
			sourceTree = "<group>";
		};
		2460674A25F1BE3200A78B03 /* Products */ = {
			isa = PBXGroup;
			children = (
				2460674925F1BE3200A78B03 /* Parstagram.app */,
				2460675F25F1BE3400A78B03 /* ParstagramTests.xctest */,
				2460676A25F1BE3400A78B03 /* ParstagramUITests.xctest */,
			);
			name = Products;
			sourceTree = "<group>";
		};
		2460674B25F1BE3200A78B03 /* Parstagram */ = {
			isa = PBXGroup;
			children = (
				241BA6C125F34FC800800900 /* Models */,
				246067CE25F1C54600A78B03 /* Controllers */,
				246067CF25F1C58300A78B03 /* Views */,
				246067C725F1C27800A78B03 /* Storyboards */,
				2460674C25F1BE3200A78B03 /* AppDelegate.swift */,
				2460674E25F1BE3200A78B03 /* SceneDelegate.swift */,
				2460675525F1BE3300A78B03 /* Assets.xcassets */,
				2460675A25F1BE3400A78B03 /* Info.plist */,
			);
			path = Parstagram;
			sourceTree = "<group>";
		};
		2460676225F1BE3400A78B03 /* ParstagramTests */ = {
			isa = PBXGroup;
			children = (
				2460676325F1BE3400A78B03 /* ParstagramTests.swift */,
				2460676525F1BE3400A78B03 /* Info.plist */,
			);
			path = ParstagramTests;
			sourceTree = "<group>";
		};
		2460676D25F1BE3400A78B03 /* ParstagramUITests */ = {
			isa = PBXGroup;
			children = (
				2460676E25F1BE3400A78B03 /* ParstagramUITests.swift */,
				2460677025F1BE3400A78B03 /* Info.plist */,
			);
			path = ParstagramUITests;
			sourceTree = "<group>";
		};
		246067C725F1C27800A78B03 /* Storyboards */ = {
			isa = PBXGroup;
			children = (
				2460675225F1BE3200A78B03 /* Main.storyboard */,
				2460675725F1BE3300A78B03 /* LaunchScreen.storyboard */,
			);
			path = Storyboards;
			sourceTree = "<group>";
		};
		246067CE25F1C54600A78B03 /* Controllers */ = {
			isa = PBXGroup;
			children = (
				241BA6F025F3797400800900 /* SignUpControllers */,
				246067EB25F1E06E00A78B03 /* LoginViewController.swift */,
				242B110825F3956E008E0AAB /* ProfileViewController.swift */,
				242B112E25F5CC5D008E0AAB /* FeedViewController.swift */,
				242B11F625F65CAB008E0AAB /* TabBarController.swift */,
				242B12DE25F85B05008E0AAB /* SharePostViewController.swift */,
				242B14B526019D22008E0AAB /* EditProfileViewController.swift */,
				24072B6C270A817B005DC804 /* PostViewController.swift */,
				24072B6E270A99FD005DC804 /* CommentsViewController.swift */,
			);
			path = Controllers;
			sourceTree = "<group>";
		};
		246067CF25F1C58300A78B03 /* Views */ = {
			isa = PBXGroup;
			children = (
				242B136E25F8EC0B008E0AAB /* PostCell.swift */,
				242B147B25F9E475008E0AAB /* UserPostCell.swift */,
				242B14BA2601C08E008E0AAB /* CommentCell.swift */,
			);
			path = Views;
			sourceTree = "<group>";
		};
		300B196508131B28F4D5DB9C /* Frameworks */ = {
			isa = PBXGroup;
			children = (
				85B3DD5BC27CF36A81CDEE50 /* Pods_Parstagram.framework */,
				0A4649C081A1A64A861415E4 /* Pods_ParstagramTests.framework */,
				CBB2421E2D8F45051E8C35AE /* Pods_ParstagramUITests.framework */,
			);
			name = Frameworks;
			sourceTree = "<group>";
		};
		6F3BDF4DDEC996BED85B3F4C /* Pods */ = {
			isa = PBXGroup;
			children = (
				B11AE0EB4B2B12E0D21239AB /* Pods-Parstagram.debug.xcconfig */,
				81DEA2A02B09F9C2A9B8C7AF /* Pods-Parstagram.release.xcconfig */,
				19C19DBFB42AF2DD4EB7EFD4 /* Pods-Parstagram-ParstagramUITests.debug.xcconfig */,
				3C1397C7A60FEE5E913A57BF /* Pods-Parstagram-ParstagramUITests.release.xcconfig */,
				3628CA802B4D34DD3ABB0152 /* Pods-ParstagramTests.debug.xcconfig */,
				E08042BDAB33D1EFDEDBCB46 /* Pods-ParstagramTests.release.xcconfig */,
				41208CA8B16C4092AD78FF7D /* Pods-ParstagramUITests.debug.xcconfig */,
				12B4DDBA54E1589C3E5B0F98 /* Pods-ParstagramUITests.release.xcconfig */,
			);
			path = Pods;
			sourceTree = "<group>";
		};
/* End PBXGroup section */

/* Begin PBXNativeTarget section */
		2460674825F1BE3200A78B03 /* Parstagram */ = {
			isa = PBXNativeTarget;
			buildConfigurationList = 2460677325F1BE3400A78B03 /* Build configuration list for PBXNativeTarget "Parstagram" */;
			buildPhases = (
				897A8AA1BCA42178A60CEBA1 /* [CP] Check Pods Manifest.lock */,
				2460674525F1BE3200A78B03 /* Sources */,
				2460674625F1BE3200A78B03 /* Frameworks */,
				2460674725F1BE3200A78B03 /* Resources */,
				B5222766A6107409B6E3975C /* [CP] Embed Pods Frameworks */,
			);
			buildRules = (
			);
			dependencies = (
			);
			name = Parstagram;
			productName = Parstagram;
			productReference = 2460674925F1BE3200A78B03 /* Parstagram.app */;
			productType = "com.apple.product-type.application";
		};
		2460675E25F1BE3400A78B03 /* ParstagramTests */ = {
			isa = PBXNativeTarget;
			buildConfigurationList = 2460677625F1BE3400A78B03 /* Build configuration list for PBXNativeTarget "ParstagramTests" */;
			buildPhases = (
				4AB5B3CACC14C0B5DC12D659 /* [CP] Check Pods Manifest.lock */,
				2460675B25F1BE3400A78B03 /* Sources */,
				2460675C25F1BE3400A78B03 /* Frameworks */,
				2460675D25F1BE3400A78B03 /* Resources */,
			);
			buildRules = (
			);
			dependencies = (
				2460676125F1BE3400A78B03 /* PBXTargetDependency */,
			);
			name = ParstagramTests;
			productName = ParstagramTests;
			productReference = 2460675F25F1BE3400A78B03 /* ParstagramTests.xctest */;
			productType = "com.apple.product-type.bundle.unit-test";
		};
		2460676925F1BE3400A78B03 /* ParstagramUITests */ = {
			isa = PBXNativeTarget;
			buildConfigurationList = 2460677925F1BE3400A78B03 /* Build configuration list for PBXNativeTarget "ParstagramUITests" */;
			buildPhases = (
				F77451DDB8D9BFDC478FB901 /* [CP] Check Pods Manifest.lock */,
				2460676625F1BE3400A78B03 /* Sources */,
				2460676725F1BE3400A78B03 /* Frameworks */,
				2460676825F1BE3400A78B03 /* Resources */,
			);
			buildRules = (
			);
			dependencies = (
				2460676C25F1BE3400A78B03 /* PBXTargetDependency */,
			);
			name = ParstagramUITests;
			productName = ParstagramUITests;
			productReference = 2460676A25F1BE3400A78B03 /* ParstagramUITests.xctest */;
			productType = "com.apple.product-type.bundle.ui-testing";
		};
/* End PBXNativeTarget section */

/* Begin PBXProject section */
		2460674125F1BE3200A78B03 /* Project object */ = {
			isa = PBXProject;
			attributes = {
				LastSwiftUpdateCheck = 1240;
				LastUpgradeCheck = 1240;
				TargetAttributes = {
					2460674825F1BE3200A78B03 = {
						CreatedOnToolsVersion = 12.4;
					};
					2460675E25F1BE3400A78B03 = {
						CreatedOnToolsVersion = 12.4;
						TestTargetID = 2460674825F1BE3200A78B03;
					};
					2460676925F1BE3400A78B03 = {
						CreatedOnToolsVersion = 12.4;
						TestTargetID = 2460674825F1BE3200A78B03;
					};
				};
			};
			buildConfigurationList = 2460674425F1BE3200A78B03 /* Build configuration list for PBXProject "Parstagram" */;
			compatibilityVersion = "Xcode 9.3";
			developmentRegion = en;
			hasScannedForEncodings = 0;
			knownRegions = (
				en,
				Base,
			);
			mainGroup = 2460674025F1BE3200A78B03;
			productRefGroup = 2460674A25F1BE3200A78B03 /* Products */;
			projectDirPath = "";
			projectRoot = "";
			targets = (
				2460674825F1BE3200A78B03 /* Parstagram */,
				2460675E25F1BE3400A78B03 /* ParstagramTests */,
				2460676925F1BE3400A78B03 /* ParstagramUITests */,
			);
		};
/* End PBXProject section */

/* Begin PBXResourcesBuildPhase section */
		2460674725F1BE3200A78B03 /* Resources */ = {
			isa = PBXResourcesBuildPhase;
			buildActionMask = 2147483647;
			files = (
				2460675925F1BE3300A78B03 /* LaunchScreen.storyboard in Resources */,
				2460675625F1BE3300A78B03 /* Assets.xcassets in Resources */,
				2460675425F1BE3200A78B03 /* Main.storyboard in Resources */,
			);
			runOnlyForDeploymentPostprocessing = 0;
		};
		2460675D25F1BE3400A78B03 /* Resources */ = {
			isa = PBXResourcesBuildPhase;
			buildActionMask = 2147483647;
			files = (
			);
			runOnlyForDeploymentPostprocessing = 0;
		};
		2460676825F1BE3400A78B03 /* Resources */ = {
			isa = PBXResourcesBuildPhase;
			buildActionMask = 2147483647;
			files = (
			);
			runOnlyForDeploymentPostprocessing = 0;
		};
/* End PBXResourcesBuildPhase section */

/* Begin PBXShellScriptBuildPhase section */
		4AB5B3CACC14C0B5DC12D659 /* [CP] Check Pods Manifest.lock */ = {
			isa = PBXShellScriptBuildPhase;
			buildActionMask = 2147483647;
			files = (
			);
			inputFileListPaths = (
			);
			inputPaths = (
				"${PODS_PODFILE_DIR_PATH}/Podfile.lock",
				"${PODS_ROOT}/Manifest.lock",
			);
			name = "[CP] Check Pods Manifest.lock";
			outputFileListPaths = (
			);
			outputPaths = (
				"$(DERIVED_FILE_DIR)/Pods-ParstagramTests-checkManifestLockResult.txt",
			);
			runOnlyForDeploymentPostprocessing = 0;
			shellPath = /bin/sh;
			shellScript = "diff \"${PODS_PODFILE_DIR_PATH}/Podfile.lock\" \"${PODS_ROOT}/Manifest.lock\" > /dev/null\nif [ $? != 0 ] ; then\n    # print error to STDERR\n    echo \"error: The sandbox is not in sync with the Podfile.lock. Run 'pod install' or update your CocoaPods installation.\" >&2\n    exit 1\nfi\n# This output is used by Xcode 'outputs' to avoid re-running this script phase.\necho \"SUCCESS\" > \"${SCRIPT_OUTPUT_FILE_0}\"\n";
			showEnvVarsInLog = 0;
		};
		897A8AA1BCA42178A60CEBA1 /* [CP] Check Pods Manifest.lock */ = {
			isa = PBXShellScriptBuildPhase;
			buildActionMask = 2147483647;
			files = (
			);
			inputFileListPaths = (
			);
			inputPaths = (
				"${PODS_PODFILE_DIR_PATH}/Podfile.lock",
				"${PODS_ROOT}/Manifest.lock",
			);
			name = "[CP] Check Pods Manifest.lock";
			outputFileListPaths = (
			);
			outputPaths = (
				"$(DERIVED_FILE_DIR)/Pods-Parstagram-checkManifestLockResult.txt",
			);
			runOnlyForDeploymentPostprocessing = 0;
			shellPath = /bin/sh;
			shellScript = "diff \"${PODS_PODFILE_DIR_PATH}/Podfile.lock\" \"${PODS_ROOT}/Manifest.lock\" > /dev/null\nif [ $? != 0 ] ; then\n    # print error to STDERR\n    echo \"error: The sandbox is not in sync with the Podfile.lock. Run 'pod install' or update your CocoaPods installation.\" >&2\n    exit 1\nfi\n# This output is used by Xcode 'outputs' to avoid re-running this script phase.\necho \"SUCCESS\" > \"${SCRIPT_OUTPUT_FILE_0}\"\n";
			showEnvVarsInLog = 0;
		};
		B5222766A6107409B6E3975C /* [CP] Embed Pods Frameworks */ = {
			isa = PBXShellScriptBuildPhase;
			buildActionMask = 2147483647;
			files = (
			);
			inputFileListPaths = (
				"${PODS_ROOT}/Target Support Files/Pods-Parstagram/Pods-Parstagram-frameworks-${CONFIGURATION}-input-files.xcfilelist",
			);
			name = "[CP] Embed Pods Frameworks";
			outputFileListPaths = (
				"${PODS_ROOT}/Target Support Files/Pods-Parstagram/Pods-Parstagram-frameworks-${CONFIGURATION}-output-files.xcfilelist",
			);
			runOnlyForDeploymentPostprocessing = 0;
			shellPath = /bin/sh;
			shellScript = "\"${PODS_ROOT}/Target Support Files/Pods-Parstagram/Pods-Parstagram-frameworks.sh\"\n";
			showEnvVarsInLog = 0;
		};
		F77451DDB8D9BFDC478FB901 /* [CP] Check Pods Manifest.lock */ = {
			isa = PBXShellScriptBuildPhase;
			buildActionMask = 2147483647;
			files = (
			);
			inputFileListPaths = (
			);
			inputPaths = (
				"${PODS_PODFILE_DIR_PATH}/Podfile.lock",
				"${PODS_ROOT}/Manifest.lock",
			);
			name = "[CP] Check Pods Manifest.lock";
			outputFileListPaths = (
			);
			outputPaths = (
				"$(DERIVED_FILE_DIR)/Pods-ParstagramUITests-checkManifestLockResult.txt",
			);
			runOnlyForDeploymentPostprocessing = 0;
			shellPath = /bin/sh;
			shellScript = "diff \"${PODS_PODFILE_DIR_PATH}/Podfile.lock\" \"${PODS_ROOT}/Manifest.lock\" > /dev/null\nif [ $? != 0 ] ; then\n    # print error to STDERR\n    echo \"error: The sandbox is not in sync with the Podfile.lock. Run 'pod install' or update your CocoaPods installation.\" >&2\n    exit 1\nfi\n# This output is used by Xcode 'outputs' to avoid re-running this script phase.\necho \"SUCCESS\" > \"${SCRIPT_OUTPUT_FILE_0}\"\n";
			showEnvVarsInLog = 0;
		};
/* End PBXShellScriptBuildPhase section */

/* Begin PBXSourcesBuildPhase section */
		2460674525F1BE3200A78B03 /* Sources */ = {
			isa = PBXSourcesBuildPhase;
			buildActionMask = 2147483647;
			files = (
				242B14BB2601C08F008E0AAB /* CommentCell.swift in Sources */,
				246067EC25F1E06E00A78B03 /* LoginViewController.swift in Sources */,
				24072B6F270A99FD005DC804 /* CommentsViewController.swift in Sources */,
				242B11F725F65CAB008E0AAB /* TabBarController.swift in Sources */,
				242B147C25F9E475008E0AAB /* UserPostCell.swift in Sources */,
				242B110125F3953D008E0AAB /* AddProfilePhotoViewController.swift in Sources */,
				242B12DF25F85B05008E0AAB /* SharePostViewController.swift in Sources */,
				242B110925F3956E008E0AAB /* ProfileViewController.swift in Sources */,
				241BA69325F289A500800900 /* AddBirthdayViewController.swift in Sources */,
				241BA6EC25F3796200800900 /* AddNameViewController.swift in Sources */,
				24072B6D270A817B005DC804 /* PostViewController.swift in Sources */,
				242B14B626019D22008E0AAB /* EditProfileViewController.swift in Sources */,
				242B136F25F8EC0B008E0AAB /* PostCell.swift in Sources */,
				24254F1425F25B2F003A7A88 /* CreateUsernameViewController.swift in Sources */,
				242B13C725F907E5008E0AAB /* Post.swift in Sources */,
				242B14B125FA14BE008E0AAB /* Image.swift in Sources */,
				241BA68E25F282A400800900 /* CreatePasswordViewController.swift in Sources */,
				242B14C02601C13E008E0AAB /* Comment.swift in Sources */,
				242B112F25F5CC5D008E0AAB /* FeedViewController.swift in Sources */,
				2460674D25F1BE3200A78B03 /* AppDelegate.swift in Sources */,
				246067F125F1E0B900A78B03 /* EnterEmailViewController.swift in Sources */,
				2460674F25F1BE3200A78B03 /* SceneDelegate.swift in Sources */,
			);
			runOnlyForDeploymentPostprocessing = 0;
		};
		2460675B25F1BE3400A78B03 /* Sources */ = {
			isa = PBXSourcesBuildPhase;
			buildActionMask = 2147483647;
			files = (
				2460676425F1BE3400A78B03 /* ParstagramTests.swift in Sources */,
			);
			runOnlyForDeploymentPostprocessing = 0;
		};
		2460676625F1BE3400A78B03 /* Sources */ = {
			isa = PBXSourcesBuildPhase;
			buildActionMask = 2147483647;
			files = (
				2460676F25F1BE3400A78B03 /* ParstagramUITests.swift in Sources */,
			);
			runOnlyForDeploymentPostprocessing = 0;
		};
/* End PBXSourcesBuildPhase section */

/* Begin PBXTargetDependency section */
		2460676125F1BE3400A78B03 /* PBXTargetDependency */ = {
			isa = PBXTargetDependency;
			target = 2460674825F1BE3200A78B03 /* Parstagram */;
			targetProxy = 2460676025F1BE3400A78B03 /* PBXContainerItemProxy */;
		};
		2460676C25F1BE3400A78B03 /* PBXTargetDependency */ = {
			isa = PBXTargetDependency;
			target = 2460674825F1BE3200A78B03 /* Parstagram */;
			targetProxy = 2460676B25F1BE3400A78B03 /* PBXContainerItemProxy */;
		};
/* End PBXTargetDependency section */

/* Begin PBXVariantGroup section */
		2460675225F1BE3200A78B03 /* Main.storyboard */ = {
			isa = PBXVariantGroup;
			children = (
				2460675325F1BE3200A78B03 /* Base */,
			);
			name = Main.storyboard;
			sourceTree = "<group>";
		};
		2460675725F1BE3300A78B03 /* LaunchScreen.storyboard */ = {
			isa = PBXVariantGroup;
			children = (
				2460675825F1BE3300A78B03 /* Base */,
			);
			name = LaunchScreen.storyboard;
			sourceTree = "<group>";
		};
/* End PBXVariantGroup section */

/* Begin XCBuildConfiguration section */
		2460677125F1BE3400A78B03 /* Debug */ = {
			isa = XCBuildConfiguration;
			buildSettings = {
				ALWAYS_SEARCH_USER_PATHS = NO;
				CLANG_ANALYZER_NONNULL = YES;
				CLANG_ANALYZER_NUMBER_OBJECT_CONVERSION = YES_AGGRESSIVE;
				CLANG_CXX_LANGUAGE_STANDARD = "gnu++14";
				CLANG_CXX_LIBRARY = "libc++";
				CLANG_ENABLE_MODULES = YES;
				CLANG_ENABLE_OBJC_ARC = YES;
				CLANG_ENABLE_OBJC_WEAK = YES;
				CLANG_WARN_BLOCK_CAPTURE_AUTORELEASING = YES;
				CLANG_WARN_BOOL_CONVERSION = YES;
				CLANG_WARN_COMMA = YES;
				CLANG_WARN_CONSTANT_CONVERSION = YES;
				CLANG_WARN_DEPRECATED_OBJC_IMPLEMENTATIONS = YES;
				CLANG_WARN_DIRECT_OBJC_ISA_USAGE = YES_ERROR;
				CLANG_WARN_DOCUMENTATION_COMMENTS = YES;
				CLANG_WARN_EMPTY_BODY = YES;
				CLANG_WARN_ENUM_CONVERSION = YES;
				CLANG_WARN_INFINITE_RECURSION = YES;
				CLANG_WARN_INT_CONVERSION = YES;
				CLANG_WARN_NON_LITERAL_NULL_CONVERSION = YES;
				CLANG_WARN_OBJC_IMPLICIT_RETAIN_SELF = YES;
				CLANG_WARN_OBJC_LITERAL_CONVERSION = YES;
				CLANG_WARN_OBJC_ROOT_CLASS = YES_ERROR;
				CLANG_WARN_QUOTED_INCLUDE_IN_FRAMEWORK_HEADER = YES;
				CLANG_WARN_RANGE_LOOP_ANALYSIS = YES;
				CLANG_WARN_STRICT_PROTOTYPES = YES;
				CLANG_WARN_SUSPICIOUS_MOVE = YES;
				CLANG_WARN_UNGUARDED_AVAILABILITY = YES_AGGRESSIVE;
				CLANG_WARN_UNREACHABLE_CODE = YES;
				CLANG_WARN__DUPLICATE_METHOD_MATCH = YES;
				COPY_PHASE_STRIP = NO;
				DEBUG_INFORMATION_FORMAT = dwarf;
				ENABLE_STRICT_OBJC_MSGSEND = YES;
				ENABLE_TESTABILITY = YES;
				FRAMEWORK_SEARCH_PATHS = (
					"$(inherited)",
					"$(PROJECT_DIR)",
				);
				GCC_C_LANGUAGE_STANDARD = gnu11;
				GCC_DYNAMIC_NO_PIC = NO;
				GCC_NO_COMMON_BLOCKS = YES;
				GCC_OPTIMIZATION_LEVEL = 0;
				GCC_PREPROCESSOR_DEFINITIONS = (
					"DEBUG=1",
					"$(inherited)",
				);
				GCC_WARN_64_TO_32_BIT_CONVERSION = YES;
				GCC_WARN_ABOUT_RETURN_TYPE = YES_ERROR;
				GCC_WARN_UNDECLARED_SELECTOR = YES;
				GCC_WARN_UNINITIALIZED_AUTOS = YES_AGGRESSIVE;
				GCC_WARN_UNUSED_FUNCTION = YES;
				GCC_WARN_UNUSED_VARIABLE = YES;
				IPHONEOS_DEPLOYMENT_TARGET = 14.4;
				MTL_ENABLE_DEBUG_INFO = INCLUDE_SOURCE;
				MTL_FAST_MATH = YES;
				ONLY_ACTIVE_ARCH = YES;
				SDKROOT = iphoneos;
				SWIFT_ACTIVE_COMPILATION_CONDITIONS = DEBUG;
				SWIFT_OPTIMIZATION_LEVEL = "-Onone";
			};
			name = Debug;
		};
		2460677225F1BE3400A78B03 /* Release */ = {
			isa = XCBuildConfiguration;
			buildSettings = {
				ALWAYS_SEARCH_USER_PATHS = NO;
				CLANG_ANALYZER_NONNULL = YES;
				CLANG_ANALYZER_NUMBER_OBJECT_CONVERSION = YES_AGGRESSIVE;
				CLANG_CXX_LANGUAGE_STANDARD = "gnu++14";
				CLANG_CXX_LIBRARY = "libc++";
				CLANG_ENABLE_MODULES = YES;
				CLANG_ENABLE_OBJC_ARC = YES;
				CLANG_ENABLE_OBJC_WEAK = YES;
				CLANG_WARN_BLOCK_CAPTURE_AUTORELEASING = YES;
				CLANG_WARN_BOOL_CONVERSION = YES;
				CLANG_WARN_COMMA = YES;
				CLANG_WARN_CONSTANT_CONVERSION = YES;
				CLANG_WARN_DEPRECATED_OBJC_IMPLEMENTATIONS = YES;
				CLANG_WARN_DIRECT_OBJC_ISA_USAGE = YES_ERROR;
				CLANG_WARN_DOCUMENTATION_COMMENTS = YES;
				CLANG_WARN_EMPTY_BODY = YES;
				CLANG_WARN_ENUM_CONVERSION = YES;
				CLANG_WARN_INFINITE_RECURSION = YES;
				CLANG_WARN_INT_CONVERSION = YES;
				CLANG_WARN_NON_LITERAL_NULL_CONVERSION = YES;
				CLANG_WARN_OBJC_IMPLICIT_RETAIN_SELF = YES;
				CLANG_WARN_OBJC_LITERAL_CONVERSION = YES;
				CLANG_WARN_OBJC_ROOT_CLASS = YES_ERROR;
				CLANG_WARN_QUOTED_INCLUDE_IN_FRAMEWORK_HEADER = YES;
				CLANG_WARN_RANGE_LOOP_ANALYSIS = YES;
				CLANG_WARN_STRICT_PROTOTYPES = YES;
				CLANG_WARN_SUSPICIOUS_MOVE = YES;
				CLANG_WARN_UNGUARDED_AVAILABILITY = YES_AGGRESSIVE;
				CLANG_WARN_UNREACHABLE_CODE = YES;
				CLANG_WARN__DUPLICATE_METHOD_MATCH = YES;
				COPY_PHASE_STRIP = NO;
				DEBUG_INFORMATION_FORMAT = "dwarf-with-dsym";
				ENABLE_NS_ASSERTIONS = NO;
				ENABLE_STRICT_OBJC_MSGSEND = YES;
				FRAMEWORK_SEARCH_PATHS = (
					"$(inherited)",
					"$(PROJECT_DIR)",
				);
				GCC_C_LANGUAGE_STANDARD = gnu11;
				GCC_NO_COMMON_BLOCKS = YES;
				GCC_WARN_64_TO_32_BIT_CONVERSION = YES;
				GCC_WARN_ABOUT_RETURN_TYPE = YES_ERROR;
				GCC_WARN_UNDECLARED_SELECTOR = YES;
				GCC_WARN_UNINITIALIZED_AUTOS = YES_AGGRESSIVE;
				GCC_WARN_UNUSED_FUNCTION = YES;
				GCC_WARN_UNUSED_VARIABLE = YES;
				IPHONEOS_DEPLOYMENT_TARGET = 14.4;
				MTL_ENABLE_DEBUG_INFO = NO;
				MTL_FAST_MATH = YES;
				SDKROOT = iphoneos;
				SWIFT_COMPILATION_MODE = wholemodule;
				SWIFT_OPTIMIZATION_LEVEL = "-O";
				VALIDATE_PRODUCT = YES;
			};
			name = Release;
		};
		2460677425F1BE3400A78B03 /* Debug */ = {
			isa = XCBuildConfiguration;
			baseConfigurationReference = B11AE0EB4B2B12E0D21239AB /* Pods-Parstagram.debug.xcconfig */;
			buildSettings = {
				ASSETCATALOG_COMPILER_APPICON_NAME = AppIcon;
				ASSETCATALOG_COMPILER_GLOBAL_ACCENT_COLOR_NAME = AccentColor;
				CODE_SIGN_STYLE = Automatic;
				DEVELOPMENT_TEAM = PP55FS799T;
				FRAMEWORK_SEARCH_PATHS = (
					"$(inherited)",
					"$(PROJECT_DIR)",
				);
				INFOPLIST_FILE = Parstagram/Info.plist;
				LD_RUNPATH_SEARCH_PATHS = (
					"$(inherited)",
					"@executable_path/Frameworks",
				);
				PRODUCT_BUNDLE_IDENTIFIER = com.moralesmicaella.Parstagram;
				PRODUCT_NAME = "$(TARGET_NAME)";
				SWIFT_VERSION = 5.0;
				TARGETED_DEVICE_FAMILY = 1;
			};
			name = Debug;
		};
		2460677525F1BE3400A78B03 /* Release */ = {
			isa = XCBuildConfiguration;
			baseConfigurationReference = 81DEA2A02B09F9C2A9B8C7AF /* Pods-Parstagram.release.xcconfig */;
			buildSettings = {
				ASSETCATALOG_COMPILER_APPICON_NAME = AppIcon;
				ASSETCATALOG_COMPILER_GLOBAL_ACCENT_COLOR_NAME = AccentColor;
				CODE_SIGN_STYLE = Automatic;
				DEVELOPMENT_TEAM = PP55FS799T;
				FRAMEWORK_SEARCH_PATHS = (
					"$(inherited)",
					"$(PROJECT_DIR)",
				);
				INFOPLIST_FILE = Parstagram/Info.plist;
				LD_RUNPATH_SEARCH_PATHS = (
					"$(inherited)",
					"@executable_path/Frameworks",
				);
				PRODUCT_BUNDLE_IDENTIFIER = com.moralesmicaella.Parstagram;
				PRODUCT_NAME = "$(TARGET_NAME)";
				SWIFT_VERSION = 5.0;
				TARGETED_DEVICE_FAMILY = 1;
			};
			name = Release;
		};
		2460677725F1BE3400A78B03 /* Debug */ = {
			isa = XCBuildConfiguration;
			baseConfigurationReference = 3628CA802B4D34DD3ABB0152 /* Pods-ParstagramTests.debug.xcconfig */;
			buildSettings = {
				ALWAYS_EMBED_SWIFT_STANDARD_LIBRARIES = YES;
				BUNDLE_LOADER = "$(TEST_HOST)";
				CODE_SIGN_STYLE = Automatic;
				DEVELOPMENT_TEAM = PP55FS799T;
				INFOPLIST_FILE = ParstagramTests/Info.plist;
				IPHONEOS_DEPLOYMENT_TARGET = 14.4;
				LD_RUNPATH_SEARCH_PATHS = (
					"$(inherited)",
					"@executable_path/Frameworks",
					"@loader_path/Frameworks",
				);
				PRODUCT_BUNDLE_IDENTIFIER = com.moralesmicaella.ParstagramTests;
				PRODUCT_NAME = "$(TARGET_NAME)";
				SWIFT_VERSION = 5.0;
				TARGETED_DEVICE_FAMILY = "1,2";
				TEST_HOST = "$(BUILT_PRODUCTS_DIR)/Parstagram.app/Parstagram";
			};
			name = Debug;
		};
		2460677825F1BE3400A78B03 /* Release */ = {
			isa = XCBuildConfiguration;
			baseConfigurationReference = E08042BDAB33D1EFDEDBCB46 /* Pods-ParstagramTests.release.xcconfig */;
			buildSettings = {
				ALWAYS_EMBED_SWIFT_STANDARD_LIBRARIES = YES;
				BUNDLE_LOADER = "$(TEST_HOST)";
				CODE_SIGN_STYLE = Automatic;
				DEVELOPMENT_TEAM = PP55FS799T;
				INFOPLIST_FILE = ParstagramTests/Info.plist;
				IPHONEOS_DEPLOYMENT_TARGET = 14.4;
				LD_RUNPATH_SEARCH_PATHS = (
					"$(inherited)",
					"@executable_path/Frameworks",
					"@loader_path/Frameworks",
				);
				PRODUCT_BUNDLE_IDENTIFIER = com.moralesmicaella.ParstagramTests;
				PRODUCT_NAME = "$(TARGET_NAME)";
				SWIFT_VERSION = 5.0;
				TARGETED_DEVICE_FAMILY = "1,2";
				TEST_HOST = "$(BUILT_PRODUCTS_DIR)/Parstagram.app/Parstagram";
			};
			name = Release;
		};
		2460677A25F1BE3400A78B03 /* Debug */ = {
			isa = XCBuildConfiguration;
			baseConfigurationReference = 41208CA8B16C4092AD78FF7D /* Pods-ParstagramUITests.debug.xcconfig */;
			buildSettings = {
				ALWAYS_EMBED_SWIFT_STANDARD_LIBRARIES = YES;
				CODE_SIGN_STYLE = Automatic;
				DEVELOPMENT_TEAM = PP55FS799T;
				INFOPLIST_FILE = ParstagramUITests/Info.plist;
				LD_RUNPATH_SEARCH_PATHS = (
					"$(inherited)",
					"@executable_path/Frameworks",
					"@loader_path/Frameworks",
				);
				PRODUCT_BUNDLE_IDENTIFIER = com.moralesmicaella.ParstagramUITests;
				PRODUCT_NAME = "$(TARGET_NAME)";
				SWIFT_VERSION = 5.0;
				TARGETED_DEVICE_FAMILY = "1,2";
				TEST_TARGET_NAME = Parstagram;
			};
			name = Debug;
		};
		2460677B25F1BE3400A78B03 /* Release */ = {
			isa = XCBuildConfiguration;
			baseConfigurationReference = 12B4DDBA54E1589C3E5B0F98 /* Pods-ParstagramUITests.release.xcconfig */;
			buildSettings = {
				ALWAYS_EMBED_SWIFT_STANDARD_LIBRARIES = YES;
				CODE_SIGN_STYLE = Automatic;
				DEVELOPMENT_TEAM = PP55FS799T;
				INFOPLIST_FILE = ParstagramUITests/Info.plist;
				LD_RUNPATH_SEARCH_PATHS = (
					"$(inherited)",
					"@executable_path/Frameworks",
					"@loader_path/Frameworks",
				);
				PRODUCT_BUNDLE_IDENTIFIER = com.moralesmicaella.ParstagramUITests;
				PRODUCT_NAME = "$(TARGET_NAME)";
				SWIFT_VERSION = 5.0;
				TARGETED_DEVICE_FAMILY = "1,2";
				TEST_TARGET_NAME = Parstagram;
			};
			name = Release;
		};
/* End XCBuildConfiguration section */

/* Begin XCConfigurationList section */
		2460674425F1BE3200A78B03 /* Build configuration list for PBXProject "Parstagram" */ = {
			isa = XCConfigurationList;
			buildConfigurations = (
				2460677125F1BE3400A78B03 /* Debug */,
				2460677225F1BE3400A78B03 /* Release */,
			);
			defaultConfigurationIsVisible = 0;
			defaultConfigurationName = Release;
		};
		2460677325F1BE3400A78B03 /* Build configuration list for PBXNativeTarget "Parstagram" */ = {
			isa = XCConfigurationList;
			buildConfigurations = (
				2460677425F1BE3400A78B03 /* Debug */,
				2460677525F1BE3400A78B03 /* Release */,
			);
			defaultConfigurationIsVisible = 0;
			defaultConfigurationName = Release;
		};
		2460677625F1BE3400A78B03 /* Build configuration list for PBXNativeTarget "ParstagramTests" */ = {
			isa = XCConfigurationList;
			buildConfigurations = (
				2460677725F1BE3400A78B03 /* Debug */,
				2460677825F1BE3400A78B03 /* Release */,
			);
			defaultConfigurationIsVisible = 0;
			defaultConfigurationName = Release;
		};
		2460677925F1BE3400A78B03 /* Build configuration list for PBXNativeTarget "ParstagramUITests" */ = {
			isa = XCConfigurationList;
			buildConfigurations = (
				2460677A25F1BE3400A78B03 /* Debug */,
				2460677B25F1BE3400A78B03 /* Release */,
			);
			defaultConfigurationIsVisible = 0;
			defaultConfigurationName = Release;
		};
/* End XCConfigurationList section */
	};
	rootObject = 2460674125F1BE3200A78B03 /* Project object */;
}
